
Microsoft Visual Studio Solution File, Format Version 12.00
# Visual Studio 15
VisualStudioVersion = 15.0.28307.438
MinimumVisualStudioVersion = 10.0.40219.1
Project("{FAE04EC0-301F-11D3-BF4B-00C04F79EFBC}") = "AvaViber.WebApi", "AvaViber.WebApi\AvaViber.WebApi.csproj", "{1DEC5FB5-07FD-4708-85C3-6A18CAF6AD1D}"
EndProject
Project("{FAE04EC0-301F-11D3-BF4B-00C04F79EFBC}") = "SqLiteTest", "SqLiteTest\SqLiteTest.csproj", "{6A86AD93-FED8-4161-A20B-8EFB4D6783DF}"
EndProject
Project("{FAE04EC0-301F-11D3-BF4B-00C04F79EFBC}") = "WindowsFormsApp1", "WindowsFormsApp1\WindowsFormsApp1.csproj", "{53B575BD-A282-49BD-8666-A345AAC151C9}"
EndProject
Global
	GlobalSection(SolutionConfigurationPlatforms) = preSolution
		Debug|Any CPU = Debug|Any CPU
		Release|Any CPU = Release|Any CPU
	EndGlobalSection
	GlobalSection(ProjectConfigurationPlatforms) = postSolution
		{1DEC5FB5-07FD-4708-85C3-6A18CAF6AD1D}.Debug|Any CPU.ActiveCfg = Debug|Any CPU
		{1DEC5FB5-07FD-4708-85C3-6A18CAF6AD1D}.Debug|Any CPU.Build.0 = Debug|Any CPU
		{1DEC5FB5-07FD-4708-85C3-6A18CAF6AD1D}.Release|Any CPU.ActiveCfg = Release|Any CPU
		{1DEC5FB5-07FD-4708-85C3-6A18CAF6AD1D}.Release|Any CPU.Build.0 = Release|Any CPU
		{6A86AD93-FED8-4161-A20B-8EFB4D6783DF}.Debug|Any CPU.ActiveCfg = Debug|Any CPU
		{6A86AD93-FED8-4161-A20B-8EFB4D6783DF}.Debug|Any CPU.Build.0 = Debug|Any CPU
		{6A86AD93-FED8-4161-A20B-8EFB4D6783DF}.Release|Any CPU.ActiveCfg = Release|Any CPU
		{6A86AD93-FED8-4161-A20B-8EFB4D6783DF}.Release|Any CPU.Build.0 = Release|Any CPU
		{53B575BD-A282-49BD-8666-A345AAC151C9}.Debug|Any CPU.ActiveCfg = Debug|Any CPU
		{53B575BD-A282-49BD-8666-A345AAC151C9}.Debug|Any CPU.Build.0 = Debug|Any CPU
		{53B575BD-A282-49BD-8666-A345AAC151C9}.Release|Any CPU.ActiveCfg = Release|Any CPU
		{53B575BD-A282-49BD-8666-A345AAC151C9}.Release|Any CPU.Build.0 = Release|Any CPU
	EndGlobalSection
	GlobalSection(SolutionProperties) = preSolution
		HideSolutionNode = FALSE
	EndGlobalSection
	GlobalSection(ExtensibilityGlobals) = postSolution
		SolutionGuid = {5B8AE45B-C1B1-4001-9DC1-39B7885A43F5}
	EndGlobalSection
EndGlobal
